
Microsoft Visual Studio Solution File, Format Version 12.00
# Visual Studio Version 16
VisualStudioVersion = 16.0.32630.194
MinimumVisualStudioVersion = 10.0.40219.1
Project("{9A19103F-16F7-4668-BE54-9A1E7A4F7556}") = "SalesWebMvc", "SalesWebMvc.csproj", "{5BF9CEF6-6DA4-4C43-8C23-9A635B0E3353}"
EndProject
Global
	GlobalSection(SolutionConfigurationPlatforms) = preSolution
		Debug|Any CPU = Debug|Any CPU
		Release|Any CPU = Release|Any CPU
	EndGlobalSection
	GlobalSection(ProjectConfigurationPlatforms) = postSolution
		{5BF9CEF6-6DA4-4C43-8C23-9A635B0E3353}.Debug|Any CPU.ActiveCfg = Debug|Any CPU
		{5BF9CEF6-6DA4-4C43-8C23-9A635B0E3353}.Debug|Any CPU.Build.0 = Debug|Any CPU
		{5BF9CEF6-6DA4-4C43-8C23-9A635B0E3353}.Release|Any CPU.ActiveCfg = Release|Any CPU
		{5BF9CEF6-6DA4-4C43-8C23-9A635B0E3353}.Release|Any CPU.Build.0 = Release|Any CPU
	EndGlobalSection
	GlobalSection(SolutionProperties) = preSolution
		HideSolutionNode = FALSE
	EndGlobalSection
	GlobalSection(ExtensibilityGlobals) = postSolution
		SolutionGuid = {97FAA4BE-D32B-4987-B840-182A6DB43ECD}
	EndGlobalSection
EndGlobal
